// !$*UTF8*$!
{
	archiveVersion = 1;
	classes = {
	};
	objectVersion = 56;
	objects = {

/* Begin PBXBuildFile section */
		D0291AB82A07529D00B91BF1 /* basicSwiftUIMapApp.swift in Sources */ = {isa = PBXBuildFile; fileRef = D0291AB72A07529D00B91BF1 /* basicSwiftUIMapApp.swift */; };
		D0291ABA2A07529D00B91BF1 /* ContentView.swift in Sources */ = {isa = PBXBuildFile; fileRef = D0291AB92A07529D00B91BF1 /* ContentView.swift */; };
		D0291ABC2A07529F00B91BF1 /* Assets.xcassets in Resources */ = {isa = PBXBuildFile; fileRef = D0291ABB2A07529F00B91BF1 /* Assets.xcassets */; };
		D0291AC02A07529F00B91BF1 /* Preview Assets.xcassets in Resources */ = {isa = PBXBuildFile; fileRef = D0291ABF2A07529F00B91BF1 /* Preview Assets.xcassets */; };
		D0291ACA2A07529F00B91BF1 /* basicSwiftUIMapTests.swift in Sources */ = {isa = PBXBuildFile; fileRef = D0291AC92A07529F00B91BF1 /* basicSwiftUIMapTests.swift */; };
		D0291AD42A07529F00B91BF1 /* basicSwiftUIMapUITests.swift in Sources */ = {isa = PBXBuildFile; fileRef = D0291AD32A07529F00B91BF1 /* basicSwiftUIMapUITests.swift */; };
		D0291AD62A07529F00B91BF1 /* basicSwiftUIMapUITestsLaunchTests.swift in Sources */ = {isa = PBXBuildFile; fileRef = D0291AD52A07529F00B91BF1 /* basicSwiftUIMapUITestsLaunchTests.swift */; };
		D0291AE32A07592300B91BF1 /* ApplicationData.swift in Sources */ = {isa = PBXBuildFile; fileRef = D0291AE22A07592300B91BF1 /* ApplicationData.swift */; };
		D0291AE52A0759D400B91BF1 /* Location.swift in Sources */ = {isa = PBXBuildFile; fileRef = D0291AE42A0759D400B91BF1 /* Location.swift */; };
/* End PBXBuildFile section */

/* Begin PBXContainerItemProxy section */
		D0291AC62A07529F00B91BF1 /* PBXContainerItemProxy */ = {
			isa = PBXContainerItemProxy;
			containerPortal = D0291AAC2A07529D00B91BF1 /* Project object */;
			proxyType = 1;
			remoteGlobalIDString = D0291AB32A07529D00B91BF1;
			remoteInfo = basicSwiftUIMap;
		};
		D0291AD02A07529F00B91BF1 /* PBXContainerItemProxy */ = {
			isa = PBXContainerItemProxy;
			containerPortal = D0291AAC2A07529D00B91BF1 /* Project object */;
			proxyType = 1;
			remoteGlobalIDString = D0291AB32A07529D00B91BF1;
			remoteInfo = basicSwiftUIMap;
		};
/* End PBXContainerItemProxy section */

/* Begin PBXFileReference section */
		D0291AB42A07529D00B91BF1 /* basicSwiftUIMap.app */ = {isa = PBXFileReference; explicitFileType = wrapper.application; includeInIndex = 0; path = basicSwiftUIMap.app; sourceTree = BUILT_PRODUCTS_DIR; };
		D0291AB72A07529D00B91BF1 /* basicSwiftUIMapApp.swift */ = {isa = PBXFileReference; lastKnownFileType = sourcecode.swift; path = basicSwiftUIMapApp.swift; sourceTree = "<group>"; };
		D0291AB92A07529D00B91BF1 /* ContentView.swift */ = {isa = PBXFileReference; lastKnownFileType = sourcecode.swift; path = ContentView.swift; sourceTree = "<group>"; };
		D0291ABB2A07529F00B91BF1 /* Assets.xcassets */ = {isa = PBXFileReference; lastKnownFileType = folder.assetcatalog; path = Assets.xcassets; sourceTree = "<group>"; };
		D0291ABD2A07529F00B91BF1 /* basicSwiftUIMap.entitlements */ = {isa = PBXFileReference; lastKnownFileType = text.plist.entitlements; path = basicSwiftUIMap.entitlements; sourceTree = "<group>"; };
		D0291ABF2A07529F00B91BF1 /* Preview Assets.xcassets */ = {isa = PBXFileReference; lastKnownFileType = folder.assetcatalog; path = "Preview Assets.xcassets"; sourceTree = "<group>"; };
		D0291AC52A07529F00B91BF1 /* basicSwiftUIMapTests.xctest */ = {isa = PBXFileReference; explicitFileType = wrapper.cfbundle; includeInIndex = 0; path = basicSwiftUIMapTests.xctest; sourceTree = BUILT_PRODUCTS_DIR; };
		D0291AC92A07529F00B91BF1 /* basicSwiftUIMapTests.swift */ = {isa = PBXFileReference; lastKnownFileType = sourcecode.swift; path = basicSwiftUIMapTests.swift; sourceTree = "<group>"; };
		D0291ACF2A07529F00B91BF1 /* basicSwiftUIMapUITests.xctest */ = {isa = PBXFileReference; explicitFileType = wrapper.cfbundle; includeInIndex = 0; path = basicSwiftUIMapUITests.xctest; sourceTree = BUILT_PRODUCTS_DIR; };
		D0291AD32A07529F00B91BF1 /* basicSwiftUIMapUITests.swift */ = {isa = PBXFileReference; lastKnownFileType = sourcecode.swift; path = basicSwiftUIMapUITests.swift; sourceTree = "<group>"; };
		D0291AD52A07529F00B91BF1 /* basicSwiftUIMapUITestsLaunchTests.swift */ = {isa = PBXFileReference; lastKnownFileType = sourcecode.swift; path = basicSwiftUIMapUITestsLaunchTests.swift; sourceTree = "<group>"; };
		D0291AE22A07592300B91BF1 /* ApplicationData.swift */ = {isa = PBXFileReference; lastKnownFileType = sourcecode.swift; path = ApplicationData.swift; sourceTree = "<group>"; };
		D0291AE42A0759D400B91BF1 /* Location.swift */ = {isa = PBXFileReference; lastKnownFileType = sourcecode.swift; path = Location.swift; sourceTree = "<group>"; };
/* End PBXFileReference section */

/* Begin PBXFrameworksBuildPhase section */
		D0291AB12A07529D00B91BF1 /* Frameworks */ = {
			isa = PBXFrameworksBuildPhase;
			buildActionMask = 2147483647;
			files = (
			);
			runOnlyForDeploymentPostprocessing = 0;
		};
		D0291AC22A07529F00B91BF1 /* Frameworks */ = {
			isa = PBXFrameworksBuildPhase;
			buildActionMask = 2147483647;
			files = (
			);
			runOnlyForDeploymentPostprocessing = 0;
		};
		D0291ACC2A07529F00B91BF1 /* Frameworks */ = {
			isa = PBXFrameworksBuildPhase;
			buildActionMask = 2147483647;
			files = (
			);
			runOnlyForDeploymentPostprocessing = 0;
		};
/* End PBXFrameworksBuildPhase section */

/* Begin PBXGroup section */
		D0291AAB2A07529D00B91BF1 = {
			isa = PBXGroup;
			children = (
				D0291AB62A07529D00B91BF1 /* basicSwiftUIMap */,
				D0291AC82A07529F00B91BF1 /* basicSwiftUIMapTests */,
				D0291AD22A07529F00B91BF1 /* basicSwiftUIMapUITests */,
				D0291AB52A07529D00B91BF1 /* Products */,
			);
			sourceTree = "<group>";
		};
		D0291AB52A07529D00B91BF1 /* Products */ = {
			isa = PBXGroup;
			children = (
				D0291AB42A07529D00B91BF1 /* basicSwiftUIMap.app */,
				D0291AC52A07529F00B91BF1 /* basicSwiftUIMapTests.xctest */,
				D0291ACF2A07529F00B91BF1 /* basicSwiftUIMapUITests.xctest */,
			);
			name = Products;
			sourceTree = "<group>";
		};
		D0291AB62A07529D00B91BF1 /* basicSwiftUIMap */ = {
			isa = PBXGroup;
			children = (
				D0291AB72A07529D00B91BF1 /* basicSwiftUIMapApp.swift */,
				D0291AB92A07529D00B91BF1 /* ContentView.swift */,
				D0291AE22A07592300B91BF1 /* ApplicationData.swift */,
				D0291AE42A0759D400B91BF1 /* Location.swift */,
				D0291ABB2A07529F00B91BF1 /* Assets.xcassets */,
				D0291ABD2A07529F00B91BF1 /* basicSwiftUIMap.entitlements */,
				D0291ABE2A07529F00B91BF1 /* Preview Content */,
			);
			path = basicSwiftUIMap;
			sourceTree = "<group>";
		};
		D0291ABE2A07529F00B91BF1 /* Preview Content */ = {
			isa = PBXGroup;
			children = (
				D0291ABF2A07529F00B91BF1 /* Preview Assets.xcassets */,
			);
			path = "Preview Content";
			sourceTree = "<group>";
		};
		D0291AC82A07529F00B91BF1 /* basicSwiftUIMapTests */ = {
			isa = PBXGroup;
			children = (
				D0291AC92A07529F00B91BF1 /* basicSwiftUIMapTests.swift */,
			);
			path = basicSwiftUIMapTests;
			sourceTree = "<group>";
		};
		D0291AD22A07529F00B91BF1 /* basicSwiftUIMapUITests */ = {
			isa = PBXGroup;
			children = (
				D0291AD32A07529F00B91BF1 /* basicSwiftUIMapUITests.swift */,
				D0291AD52A07529F00B91BF1 /* basicSwiftUIMapUITestsLaunchTests.swift */,
			);
			path = basicSwiftUIMapUITests;
			sourceTree = "<group>";
		};
/* End PBXGroup section */

/* Begin PBXNativeTarget section */
		D0291AB32A07529D00B91BF1 /* basicSwiftUIMap */ = {
			isa = PBXNativeTarget;
			buildConfigurationList = D0291AD92A07529F00B91BF1 /* Build configuration list for PBXNativeTarget "basicSwiftUIMap" */;
			buildPhases = (
				D0291AB02A07529D00B91BF1 /* Sources */,
				D0291AB12A07529D00B91BF1 /* Frameworks */,
				D0291AB22A07529D00B91BF1 /* Resources */,
			);
			buildRules = (
			);
			dependencies = (
			);
			name = basicSwiftUIMap;
			productName = basicSwiftUIMap;
			productReference = D0291AB42A07529D00B91BF1 /* basicSwiftUIMap.app */;
			productType = "com.apple.product-type.application";
		};
		D0291AC42A07529F00B91BF1 /* basicSwiftUIMapTests */ = {
			isa = PBXNativeTarget;
			buildConfigurationList = D0291ADC2A07529F00B91BF1 /* Build configuration list for PBXNativeTarget "basicSwiftUIMapTests" */;
			buildPhases = (
				D0291AC12A07529F00B91BF1 /* Sources */,
				D0291AC22A07529F00B91BF1 /* Frameworks */,
				D0291AC32A07529F00B91BF1 /* Resources */,
			);
			buildRules = (
			);
			dependencies = (
				D0291AC72A07529F00B91BF1 /* PBXTargetDependency */,
			);
			name = basicSwiftUIMapTests;
			productName = basicSwiftUIMapTests;
			productReference = D0291AC52A07529F00B91BF1 /* basicSwiftUIMapTests.xctest */;
			productType = "com.apple.product-type.bundle.unit-test";
		};
		D0291ACE2A07529F00B91BF1 /* basicSwiftUIMapUITests */ = {
			isa = PBXNativeTarget;
			buildConfigurationList = D0291ADF2A07529F00B91BF1 /* Build configuration list for PBXNativeTarget "basicSwiftUIMapUITests" */;
			buildPhases = (
				D0291ACB2A07529F00B91BF1 /* Sources */,
				D0291ACC2A07529F00B91BF1 /* Frameworks */,
				D0291ACD2A07529F00B91BF1 /* Resources */,
			);
			buildRules = (
			);
			dependencies = (
				D0291AD12A07529F00B91BF1 /* PBXTargetDependency */,
			);
			name = basicSwiftUIMapUITests;
			productName = basicSwiftUIMapUITests;
			productReference = D0291ACF2A07529F00B91BF1 /* basicSwiftUIMapUITests.xctest */;
			productType = "com.apple.product-type.bundle.ui-testing";
		};
/* End PBXNativeTarget section */

/* Begin PBXProject section */
		D0291AAC2A07529D00B91BF1 /* Project object */ = {
			isa = PBXProject;
			attributes = {
				BuildIndependentTargetsInParallel = 1;
				LastSwiftUpdateCheck = 1430;
				LastUpgradeCheck = 1430;
				TargetAttributes = {
					D0291AB32A07529D00B91BF1 = {
						CreatedOnToolsVersion = 14.3;
					};
					D0291AC42A07529F00B91BF1 = {
						CreatedOnToolsVersion = 14.3;
						TestTargetID = D0291AB32A07529D00B91BF1;
					};
					D0291ACE2A07529F00B91BF1 = {
						CreatedOnToolsVersion = 14.3;
						TestTargetID = D0291AB32A07529D00B91BF1;
					};
				};
			};
			buildConfigurationList = D0291AAF2A07529D00B91BF1 /* Build configuration list for PBXProject "basicSwiftUIMap" */;
			compatibilityVersion = "Xcode 14.0";
			developmentRegion = en;
			hasScannedForEncodings = 0;
			knownRegions = (
				en,
				Base,
			);
			mainGroup = D0291AAB2A07529D00B91BF1;
			productRefGroup = D0291AB52A07529D00B91BF1 /* Products */;
			projectDirPath = "";
			projectRoot = "";
			targets = (
				D0291AB32A07529D00B91BF1 /* basicSwiftUIMap */,
				D0291AC42A07529F00B91BF1 /* basicSwiftUIMapTests */,
				D0291ACE2A07529F00B91BF1 /* basicSwiftUIMapUITests */,
			);
		};
/* End PBXProject section */

/* Begin PBXResourcesBuildPhase section */
		D0291AB22A07529D00B91BF1 /* Resources */ = {
			isa = PBXResourcesBuildPhase;
			buildActionMask = 2147483647;
			files = (
				D0291AC02A07529F00B91BF1 /* Preview Assets.xcassets in Resources */,
				D0291ABC2A07529F00B91BF1 /* Assets.xcassets in Resources */,
			);
			runOnlyForDeploymentPostprocessing = 0;
		};
		D0291AC32A07529F00B91BF1 /* Resources */ = {
			isa = PBXResourcesBuildPhase;
			buildActionMask = 2147483647;
			files = (
			);
			runOnlyForDeploymentPostprocessing = 0;
		};
		D0291ACD2A07529F00B91BF1 /* Resources */ = {
			isa = PBXResourcesBuildPhase;
			buildActionMask = 2147483647;
			files = (
			);
			runOnlyForDeploymentPostprocessing = 0;
		};
/* End PBXResourcesBuildPhase section */

/* Begin PBXSourcesBuildPhase section */
		D0291AB02A07529D00B91BF1 /* Sources */ = {
			isa = PBXSourcesBuildPhase;
			buildActionMask = 2147483647;
			files = (
				D0291AE32A07592300B91BF1 /* ApplicationData.swift in Sources */,
				D0291ABA2A07529D00B91BF1 /* ContentView.swift in Sources */,
				D0291AE52A0759D400B91BF1 /* Location.swift in Sources */,
				D0291AB82A07529D00B91BF1 /* basicSwiftUIMapApp.swift in Sources */,
			);
			runOnlyForDeploymentPostprocessing = 0;
		};
		D0291AC12A07529F00B91BF1 /* Sources */ = {
			isa = PBXSourcesBuildPhase;
			buildActionMask = 2147483647;
			files = (
				D0291ACA2A07529F00B91BF1 /* basicSwiftUIMapTests.swift in Sources */,
			);
			runOnlyForDeploymentPostprocessing = 0;
		};
		D0291ACB2A07529F00B91BF1 /* Sources */ = {
			isa = PBXSourcesBuildPhase;
			buildActionMask = 2147483647;
			files = (
				D0291AD62A07529F00B91BF1 /* basicSwiftUIMapUITestsLaunchTests.swift in Sources */,
				D0291AD42A07529F00B91BF1 /* basicSwiftUIMapUITests.swift in Sources */,
			);
			runOnlyForDeploymentPostprocessing = 0;
		};
/* End PBXSourcesBuildPhase section */

/* Begin PBXTargetDependency section */
		D0291AC72A07529F00B91BF1 /* PBXTargetDependency */ = {
			isa = PBXTargetDependency;
			target = D0291AB32A07529D00B91BF1 /* basicSwiftUIMap */;
			targetProxy = D0291AC62A07529F00B91BF1 /* PBXContainerItemProxy */;
		};
		D0291AD12A07529F00B91BF1 /* PBXTargetDependency */ = {
			isa = PBXTargetDependency;
			target = D0291AB32A07529D00B91BF1 /* basicSwiftUIMap */;
			targetProxy = D0291AD02A07529F00B91BF1 /* PBXContainerItemProxy */;
		};
/* End PBXTargetDependency section */

/* Begin XCBuildConfiguration section */
		D0291AD72A07529F00B91BF1 /* Debug */ = {
			isa = XCBuildConfiguration;
			buildSettings = {
				ALWAYS_SEARCH_USER_PATHS = NO;
				CLANG_ANALYZER_NONNULL = YES;
				CLANG_ANALYZER_NUMBER_OBJECT_CONVERSION = YES_AGGRESSIVE;
				CLANG_CXX_LANGUAGE_STANDARD = "gnu++20";
				CLANG_ENABLE_MODULES = YES;
				CLANG_ENABLE_OBJC_ARC = YES;
				CLANG_ENABLE_OBJC_WEAK = YES;
				CLANG_WARN_BLOCK_CAPTURE_AUTORELEASING = YES;
				CLANG_WARN_BOOL_CONVERSION = YES;
				CLANG_WARN_COMMA = YES;
				CLANG_WARN_CONSTANT_CONVERSION = YES;
				CLANG_WARN_DEPRECATED_OBJC_IMPLEMENTATIONS = YES;
				CLANG_WARN_DIRECT_OBJC_ISA_USAGE = YES_ERROR;
				CLANG_WARN_DOCUMENTATION_COMMENTS = YES;
				CLANG_WARN_EMPTY_BODY = YES;
				CLANG_WARN_ENUM_CONVERSION = YES;
				CLANG_WARN_INFINITE_RECURSION = YES;
				CLANG_WARN_INT_CONVERSION = YES;
				CLANG_WARN_NON_LITERAL_NULL_CONVERSION = YES;
				CLANG_WARN_OBJC_IMPLICIT_RETAIN_SELF = YES;
				CLANG_WARN_OBJC_LITERAL_CONVERSION = YES;
				CLANG_WARN_OBJC_ROOT_CLASS = YES_ERROR;
				CLANG_WARN_QUOTED_INCLUDE_IN_FRAMEWORK_HEADER = YES;
				CLANG_WARN_RANGE_LOOP_ANALYSIS = YES;
				CLANG_WARN_STRICT_PROTOTYPES = YES;
				CLANG_WARN_SUSPICIOUS_MOVE = YES;
				CLANG_WARN_UNGUARDED_AVAILABILITY = YES_AGGRESSIVE;
				CLANG_WARN_UNREACHABLE_CODE = YES;
				CLANG_WARN__DUPLICATE_METHOD_MATCH = YES;
				COPY_PHASE_STRIP = NO;
				DEBUG_INFORMATION_FORMAT = dwarf;
				ENABLE_STRICT_OBJC_MSGSEND = YES;
				ENABLE_TESTABILITY = YES;
				GCC_C_LANGUAGE_STANDARD = gnu11;
				GCC_DYNAMIC_NO_PIC = NO;
				GCC_NO_COMMON_BLOCKS = YES;
				GCC_OPTIMIZATION_LEVEL = 0;
				GCC_PREPROCESSOR_DEFINITIONS = (
					"DEBUG=1",
					"$(inherited)",
				);
				GCC_WARN_64_TO_32_BIT_CONVERSION = YES;
				GCC_WARN_ABOUT_RETURN_TYPE = YES_ERROR;
				GCC_WARN_UNDECLARED_SELECTOR = YES;
				GCC_WARN_UNINITIALIZED_AUTOS = YES_AGGRESSIVE;
				GCC_WARN_UNUSED_FUNCTION = YES;
				GCC_WARN_UNUSED_VARIABLE = YES;
				MTL_ENABLE_DEBUG_INFO = INCLUDE_SOURCE;
				MTL_FAST_MATH = YES;
				ONLY_ACTIVE_ARCH = YES;
				SWIFT_ACTIVE_COMPILATION_CONDITIONS = DEBUG;
				SWIFT_OPTIMIZATION_LEVEL = "-Onone";
			};
			name = Debug;
		};
		D0291AD82A07529F00B91BF1 /* Release */ = {
			isa = XCBuildConfiguration;
			buildSettings = {
				ALWAYS_SEARCH_USER_PATHS = NO;
				CLANG_ANALYZER_NONNULL = YES;
				CLANG_ANALYZER_NUMBER_OBJECT_CONVERSION = YES_AGGRESSIVE;
				CLANG_CXX_LANGUAGE_STANDARD = "gnu++20";
				CLANG_ENABLE_MODULES = YES;
				CLANG_ENABLE_OBJC_ARC = YES;
				CLANG_ENABLE_OBJC_WEAK = YES;
				CLANG_WARN_BLOCK_CAPTURE_AUTORELEASING = YES;
				CLANG_WARN_BOOL_CONVERSION = YES;
				CLANG_WARN_COMMA = YES;
				CLANG_WARN_CONSTANT_CONVERSION = YES;
				CLANG_WARN_DEPRECATED_OBJC_IMPLEMENTATIONS = YES;
				CLANG_WARN_DIRECT_OBJC_ISA_USAGE = YES_ERROR;
				CLANG_WARN_DOCUMENTATION_COMMENTS = YES;
				CLANG_WARN_EMPTY_BODY = YES;
				CLANG_WARN_ENUM_CONVERSION = YES;
				CLANG_WARN_INFINITE_RECURSION = YES;
				CLANG_WARN_INT_CONVERSION = YES;
				CLANG_WARN_NON_LITERAL_NULL_CONVERSION = YES;
				CLANG_WARN_OBJC_IMPLICIT_RETAIN_SELF = YES;
				CLANG_WARN_OBJC_LITERAL_CONVERSION = YES;
				CLANG_WARN_OBJC_ROOT_CLASS = YES_ERROR;
				CLANG_WARN_QUOTED_INCLUDE_IN_FRAMEWORK_HEADER = YES;
				CLANG_WARN_RANGE_LOOP_ANALYSIS = YES;
				CLANG_WARN_STRICT_PROTOTYPES = YES;
				CLANG_WARN_SUSPICIOUS_MOVE = YES;
				CLANG_WARN_UNGUARDED_AVAILABILITY = YES_AGGRESSIVE;
				CLANG_WARN_UNREACHABLE_CODE = YES;
				CLANG_WARN__DUPLICATE_METHOD_MATCH = YES;
				COPY_PHASE_STRIP = NO;
				DEBUG_INFORMATION_FORMAT = "dwarf-with-dsym";
				ENABLE_NS_ASSERTIONS = NO;
				ENABLE_STRICT_OBJC_MSGSEND = YES;
				GCC_C_LANGUAGE_STANDARD = gnu11;
				GCC_NO_COMMON_BLOCKS = YES;
				GCC_WARN_64_TO_32_BIT_CONVERSION = YES;
				GCC_WARN_ABOUT_RETURN_TYPE = YES_ERROR;
				GCC_WARN_UNDECLARED_SELECTOR = YES;
				GCC_WARN_UNINITIALIZED_AUTOS = YES_AGGRESSIVE;
				GCC_WARN_UNUSED_FUNCTION = YES;
				GCC_WARN_UNUSED_VARIABLE = YES;
				MTL_ENABLE_DEBUG_INFO = NO;
				MTL_FAST_MATH = YES;
				SWIFT_COMPILATION_MODE = wholemodule;
				SWIFT_OPTIMIZATION_LEVEL = "-O";
			};
			name = Release;
		};
		D0291ADA2A07529F00B91BF1 /* Debug */ = {
			isa = XCBuildConfiguration;
			buildSettings = {
				ASSETCATALOG_COMPILER_APPICON_NAME = AppIcon;
				ASSETCATALOG_COMPILER_GLOBAL_ACCENT_COLOR_NAME = AccentColor;
				CODE_SIGN_ENTITLEMENTS = basicSwiftUIMap/basicSwiftUIMap.entitlements;
				CODE_SIGN_STYLE = Automatic;
				CURRENT_PROJECT_VERSION = 1;
				DEVELOPMENT_ASSET_PATHS = "\"basicSwiftUIMap/Preview Content\"";
				DEVELOPMENT_TEAM = 65W8S73GF6;
				ENABLE_HARDENED_RUNTIME = YES;
				ENABLE_PREVIEWS = YES;
				GENERATE_INFOPLIST_FILE = YES;
				"INFOPLIST_KEY_UIApplicationSceneManifest_Generation[sdk=iphoneos*]" = YES;
				"INFOPLIST_KEY_UIApplicationSceneManifest_Generation[sdk=iphonesimulator*]" = YES;
				"INFOPLIST_KEY_UIApplicationSupportsIndirectInputEvents[sdk=iphoneos*]" = YES;
				"INFOPLIST_KEY_UIApplicationSupportsIndirectInputEvents[sdk=iphonesimulator*]" = YES;
				"INFOPLIST_KEY_UILaunchScreen_Generation[sdk=iphoneos*]" = YES;
				"INFOPLIST_KEY_UILaunchScreen_Generation[sdk=iphonesimulator*]" = YES;
				"INFOPLIST_KEY_UIStatusBarStyle[sdk=iphoneos*]" = UIStatusBarStyleDefault;
				"INFOPLIST_KEY_UIStatusBarStyle[sdk=iphonesimulator*]" = UIStatusBarStyleDefault;
				INFOPLIST_KEY_UISupportedInterfaceOrientations_iPad = "UIInterfaceOrientationPortrait UIInterfaceOrientationPortraitUpsideDown UIInterfaceOrientationLandscapeLeft UIInterfaceOrientationLandscapeRight";
				INFOPLIST_KEY_UISupportedInterfaceOrientations_iPhone = "UIInterfaceOrientationPortrait UIInterfaceOrientationLandscapeLeft UIInterfaceOrientationLandscapeRight";
				IPHONEOS_DEPLOYMENT_TARGET = 16.4;
				LD_RUNPATH_SEARCH_PATHS = "@executable_path/Frameworks";
				"LD_RUNPATH_SEARCH_PATHS[sdk=macosx*]" = "@executable_path/../Frameworks";
				MACOSX_DEPLOYMENT_TARGET = 13.3;
				MARKETING_VERSION = 1.0;
				PRODUCT_BUNDLE_IDENTIFIER = PeterDeyi.basicSwiftUIMap;
				PRODUCT_NAME = "$(TARGET_NAME)";
				SDKROOT = auto;
				SUPPORTED_PLATFORMS = "iphoneos iphonesimulator macosx";
				SWIFT_EMIT_LOC_STRINGS = YES;
				SWIFT_VERSION = 5.0;
				TARGETED_DEVICE_FAMILY = "1,2";
			};
			name = Debug;
		};
		D0291ADB2A07529F00B91BF1 /* Release */ = {
			isa = XCBuildConfiguration;
			buildSettings = {
				ASSETCATALOG_COMPILER_APPICON_NAME = AppIcon;
				ASSETCATALOG_COMPILER_GLOBAL_ACCENT_COLOR_NAME = AccentColor;
				CODE_SIGN_ENTITLEMENTS = basicSwiftUIMap/basicSwiftUIMap.entitlements;
				CODE_SIGN_STYLE = Automatic;
				CURRENT_PROJECT_VERSION = 1;
				DEVELOPMENT_ASSET_PATHS = "\"basicSwiftUIMap/Preview Content\"";
				DEVELOPMENT_TEAM = 65W8S73GF6;
				ENABLE_HARDENED_RUNTIME = YES;
				ENABLE_PREVIEWS = YES;
				GENERATE_INFOPLIST_FILE = YES;
				"INFOPLIST_KEY_UIApplicationSceneManifest_Generation[sdk=iphoneos*]" = YES;
				"INFOPLIST_KEY_UIApplicationSceneManifest_Generation[sdk=iphonesimulator*]" = YES;
				"INFOPLIST_KEY_UIApplicationSupportsIndirectInputEvents[sdk=iphoneos*]" = YES;
				"INFOPLIST_KEY_UIApplicationSupportsIndirectInputEvents[sdk=iphonesimulator*]" = YES;
				"INFOPLIST_KEY_UILaunchScreen_Generation[sdk=iphoneos*]" = YES;
				"INFOPLIST_KEY_UILaunchScreen_Generation[sdk=iphonesimulator*]" = YES;
				"INFOPLIST_KEY_UIStatusBarStyle[sdk=iphoneos*]" = UIStatusBarStyleDefault;
				"INFOPLIST_KEY_UIStatusBarStyle[sdk=iphonesimulator*]" = UIStatusBarStyleDefault;
				INFOPLIST_KEY_UISupportedInterfaceOrientations_iPad = "UIInterfaceOrientationPortrait UIInterfaceOrientationPortraitUpsideDown UIInterfaceOrientationLandscapeLeft UIInterfaceOrientationLandscapeRight";
				INFOPLIST_KEY_UISupportedInterfaceOrientations_iPhone = "UIInterfaceOrientationPortrait UIInterfaceOrientationLandscapeLeft UIInterfaceOrientationLandscapeRight";
				IPHONEOS_DEPLOYMENT_TARGET = 16.4;
				LD_RUNPATH_SEARCH_PATHS = "@executable_path/Frameworks";
				"LD_RUNPATH_SEARCH_PATHS[sdk=macosx*]" = "@executable_path/../Frameworks";
				MACOSX_DEPLOYMENT_TARGET = 13.3;
				MARKETING_VERSION = 1.0;
				PRODUCT_BUNDLE_IDENTIFIER = PeterDeyi.basicSwiftUIMap;
				PRODUCT_NAME = "$(TARGET_NAME)";
				SDKROOT = auto;
				SUPPORTED_PLATFORMS = "iphoneos iphonesimulator macosx";
				SWIFT_EMIT_LOC_STRINGS = YES;
				SWIFT_VERSION = 5.0;
				TARGETED_DEVICE_FAMILY = "1,2";
			};
			name = Release;
		};
		D0291ADD2A07529F00B91BF1 /* Debug */ = {
			isa = XCBuildConfiguration;
			buildSettings = {
				ALWAYS_EMBED_SWIFT_STANDARD_LIBRARIES = YES;
				BUNDLE_LOADER = "$(TEST_HOST)";
				CODE_SIGN_STYLE = Automatic;
				CURRENT_PROJECT_VERSION = 1;
				DEVELOPMENT_TEAM = 65W8S73GF6;
				GENERATE_INFOPLIST_FILE = YES;
				IPHONEOS_DEPLOYMENT_TARGET = 16.4;
				MACOSX_DEPLOYMENT_TARGET = 13.3;
				MARKETING_VERSION = 1.0;
				PRODUCT_BUNDLE_IDENTIFIER = PeterDeyi.basicSwiftUIMapTests;
				PRODUCT_NAME = "$(TARGET_NAME)";
				SDKROOT = auto;
				SUPPORTED_PLATFORMS = "iphoneos iphonesimulator macosx";
				SWIFT_EMIT_LOC_STRINGS = NO;
				SWIFT_VERSION = 5.0;
				TARGETED_DEVICE_FAMILY = "1,2";
				TEST_HOST = "$(BUILT_PRODUCTS_DIR)/basicSwiftUIMap.app/$(BUNDLE_EXECUTABLE_FOLDER_PATH)/basicSwiftUIMap";
			};
			name = Debug;
		};
		D0291ADE2A07529F00B91BF1 /* Release */ = {
			isa = XCBuildConfiguration;
			buildSettings = {
				ALWAYS_EMBED_SWIFT_STANDARD_LIBRARIES = YES;
				BUNDLE_LOADER = "$(TEST_HOST)";
				CODE_SIGN_STYLE = Automatic;
				CURRENT_PROJECT_VERSION = 1;
				DEVELOPMENT_TEAM = 65W8S73GF6;
				GENERATE_INFOPLIST_FILE = YES;
				IPHONEOS_DEPLOYMENT_TARGET = 16.4;
				MACOSX_DEPLOYMENT_TARGET = 13.3;
				MARKETING_VERSION = 1.0;
				PRODUCT_BUNDLE_IDENTIFIER = PeterDeyi.basicSwiftUIMapTests;
				PRODUCT_NAME = "$(TARGET_NAME)";
				SDKROOT = auto;
				SUPPORTED_PLATFORMS = "iphoneos iphonesimulator macosx";
				SWIFT_EMIT_LOC_STRINGS = NO;
				SWIFT_VERSION = 5.0;
				TARGETED_DEVICE_FAMILY = "1,2";
				TEST_HOST = "$(BUILT_PRODUCTS_DIR)/basicSwiftUIMap.app/$(BUNDLE_EXECUTABLE_FOLDER_PATH)/basicSwiftUIMap";
			};
			name = Release;
		};
		D0291AE02A07529F00B91BF1 /* Debug */ = {
			isa = XCBuildConfiguration;
			buildSettings = {
				ALWAYS_EMBED_SWIFT_STANDARD_LIBRARIES = YES;
				CODE_SIGN_STYLE = Automatic;
				CURRENT_PROJECT_VERSION = 1;
				DEVELOPMENT_TEAM = 65W8S73GF6;
				GENERATE_INFOPLIST_FILE = YES;
				IPHONEOS_DEPLOYMENT_TARGET = 16.4;
				MACOSX_DEPLOYMENT_TARGET = 13.3;
				MARKETING_VERSION = 1.0;
				PRODUCT_BUNDLE_IDENTIFIER = PeterDeyi.basicSwiftUIMapUITests;
				PRODUCT_NAME = "$(TARGET_NAME)";
				SDKROOT = auto;
				SUPPORTED_PLATFORMS = "iphoneos iphonesimulator macosx";
				SWIFT_EMIT_LOC_STRINGS = NO;
				SWIFT_VERSION = 5.0;
				TARGETED_DEVICE_FAMILY = "1,2";
				TEST_TARGET_NAME = basicSwiftUIMap;
			};
			name = Debug;
		};
		D0291AE12A07529F00B91BF1 /* Release */ = {
			isa = XCBuildConfiguration;
			buildSettings = {
				ALWAYS_EMBED_SWIFT_STANDARD_LIBRARIES = YES;
				CODE_SIGN_STYLE = Automatic;
				CURRENT_PROJECT_VERSION = 1;
				DEVELOPMENT_TEAM = 65W8S73GF6;
				GENERATE_INFOPLIST_FILE = YES;
				IPHONEOS_DEPLOYMENT_TARGET = 16.4;
				MACOSX_DEPLOYMENT_TARGET = 13.3;
				MARKETING_VERSION = 1.0;
				PRODUCT_BUNDLE_IDENTIFIER = PeterDeyi.basicSwiftUIMapUITests;
				PRODUCT_NAME = "$(TARGET_NAME)";
				SDKROOT = auto;
				SUPPORTED_PLATFORMS = "iphoneos iphonesimulator macosx";
				SWIFT_EMIT_LOC_STRINGS = NO;
				SWIFT_VERSION = 5.0;
				TARGETED_DEVICE_FAMILY = "1,2";
				TEST_TARGET_NAME = basicSwiftUIMap;
			};
			name = Release;
		};
/* End XCBuildConfiguration section */

/* Begin XCConfigurationList section */
		D0291AAF2A07529D00B91BF1 /* Build configuration list for PBXProject "basicSwiftUIMap" */ = {
			isa = XCConfigurationList;
			buildConfigurations = (
				D0291AD72A07529F00B91BF1 /* Debug */,
				D0291AD82A07529F00B91BF1 /* Release */,
			);
			defaultConfigurationIsVisible = 0;
			defaultConfigurationName = Release;
		};
		D0291AD92A07529F00B91BF1 /* Build configuration list for PBXNativeTarget "basicSwiftUIMap" */ = {
			isa = XCConfigurationList;
			buildConfigurations = (
				D0291ADA2A07529F00B91BF1 /* Debug */,
				D0291ADB2A07529F00B91BF1 /* Release */,
			);
			defaultConfigurationIsVisible = 0;
			defaultConfigurationName = Release;
		};
		D0291ADC2A07529F00B91BF1 /* Build configuration list for PBXNativeTarget "basicSwiftUIMapTests" */ = {
			isa = XCConfigurationList;
			buildConfigurations = (
				D0291ADD2A07529F00B91BF1 /* Debug */,
				D0291ADE2A07529F00B91BF1 /* Release */,
			);
			defaultConfigurationIsVisible = 0;
			defaultConfigurationName = Release;
		};
		D0291ADF2A07529F00B91BF1 /* Build configuration list for PBXNativeTarget "basicSwiftUIMapUITests" */ = {
			isa = XCConfigurationList;
			buildConfigurations = (
				D0291AE02A07529F00B91BF1 /* Debug */,
				D0291AE12A07529F00B91BF1 /* Release */,
			);
			defaultConfigurationIsVisible = 0;
			defaultConfigurationName = Release;
		};
/* End XCConfigurationList section */
	};
	rootObject = D0291AAC2A07529D00B91BF1 /* Project object */;
}
